hash: 8187988a86fbf6de7d74c29f9baea12b12cfc0b5a17fb6f580220d56464aa301
updated: 2017-03-03T14:25:54.886481685+07:00
imports:
- name: github.com/docker/distribution
  version: 7a0972304e201e2a5336a69d00e112c27823f554
  subpackages:
  - digestset
  - reference
- name: github.com/docker/docker
  version: ce07fb6b0f1b8765b92022e45f96bd4349812e06
  subpackages:
  - api/types
  - api/types/blkiodev
  - api/types/container
  - api/types/events
  - api/types/filters
  - api/types/mount
  - api/types/network
  - api/types/reference
  - api/types/registry
  - api/types/strslice
  - api/types/swarm
  - api/types/time
  - api/types/versions
  - api/types/volume
  - client
  - pkg/tlsconfig
- name: github.com/docker/go-connections
  version: 990a1a1a70b0da4c4cb70e117971a4f0babfbf1a
  subpackages:
  - nat
  - sockets
  - tlsconfig
- name: github.com/docker/go-units
  version: e30f1e79f3cd72542f2026ceec18d3bd67ab859c
- name: github.com/Microsoft/go-winio
  version: 307e919c663683a9000576fdc855acaf9534c165
- name: github.com/opencontainers/go-digest
  version: 21dfd564fd89c944783d00d069f33e3e7123c448
- name: github.com/opencontainers/runc
  version: ce450bcc6c135cae93ee2a99d41a308c179ff6dc
  subpackages:
  - libcontainer/user
- name: github.com/pkg/errors
  version: 248dadf4e9068a0b3e79f02ed0a610d935de5302
- name: github.com/Sirupsen/logrus
  version: c078b1e43f58d563c74cebe63c85789e76ddb627
- name: golang.org/x/net
  version: f2499483f923065a842d38eb4c7f1927e6fc6e6d
  subpackages:
  - context
  - context/ctxhttp
  - proxy
- name: golang.org/x/sys
  version: d75a52659825e75fff6158388dddc6a5b04f9ba5
  subpackages:
  - unix
  - windows
testImports: []
